
Microsoft Visual Studio Solution File, Format Version 12.00
# Visual Studio Version 17
VisualStudioVersion = 17.3.32922.545
MinimumVisualStudioVersion = 10.0.40219.1
Project("{FAE04EC0-301F-11D3-BF4B-00C04F79EFBC}") = "CalcConstruc", "CalcConstruc\CalcConstruc.csproj", "{DBF178FF-D1F1-444D-9D3A-1D4CCC2FE309}"
EndProject
Global
	GlobalSection(SolutionConfigurationPlatforms) = preSolution
		Debug|Any CPU = Debug|Any CPU
		Release|Any CPU = Release|Any CPU
	EndGlobalSection
	GlobalSection(ProjectConfigurationPlatforms) = postSolution
		{DBF178FF-D1F1-444D-9D3A-1D4CCC2FE309}.Debug|Any CPU.ActiveCfg = Debug|Any CPU
		{DBF178FF-D1F1-444D-9D3A-1D4CCC2FE309}.Debug|Any CPU.Build.0 = Debug|Any CPU
		{DBF178FF-D1F1-444D-9D3A-1D4CCC2FE309}.Release|Any CPU.ActiveCfg = Release|Any CPU
		{DBF178FF-D1F1-444D-9D3A-1D4CCC2FE309}.Release|Any CPU.Build.0 = Release|Any CPU
	EndGlobalSection
	GlobalSection(SolutionProperties) = preSolution
		HideSolutionNode = FALSE
	EndGlobalSection
	GlobalSection(ExtensibilityGlobals) = postSolution
		SolutionGuid = {86F9661B-224D-46AD-9622-ABCBEA3F8D93}
	EndGlobalSection
EndGlobal
